
Microsoft Visual Studio Solution File, Format Version 12.00
# Visual Studio 15
VisualStudioVersion = 15.0.27004.2009
MinimumVisualStudioVersion = 10.0.40219.1
Project("{FAE04EC0-301F-11D3-BF4B-00C04F79EFBC}") = "Countdown", "Countdown\Countdown.csproj", "{6C54DFD7-193F-426C-9B40-D59A912C95FE}"
EndProject
Global
	GlobalSection(SolutionConfigurationPlatforms) = preSolution
		Debug|Any CPU = Debug|Any CPU
		Release|Any CPU = Release|Any CPU
	EndGlobalSection
	GlobalSection(ProjectConfigurationPlatforms) = postSolution
		{6C54DFD7-193F-426C-9B40-D59A912C95FE}.Debug|Any CPU.ActiveCfg = Debug|Any CPU
		{6C54DFD7-193F-426C-9B40-D59A912C95FE}.Debug|Any CPU.Build.0 = Debug|Any CPU
		{6C54DFD7-193F-426C-9B40-D59A912C95FE}.Release|Any CPU.ActiveCfg = Release|Any CPU
		{6C54DFD7-193F-426C-9B40-D59A912C95FE}.Release|Any CPU.Build.0 = Release|Any CPU
	EndGlobalSection
	GlobalSection(SolutionProperties) = preSolution
		HideSolutionNode = FALSE
	EndGlobalSection
	GlobalSection(ExtensibilityGlobals) = postSolution
		SolutionGuid = {EEDC1762-7AA4-4C6A-8C5F-9E799587BB89}
	EndGlobalSection
EndGlobal
